{
    "hash": "ace651d24341aee02d0d51f034cd39e8",
    "packages": [
        {
            "package": "cedriclombardot/admingenerator-generator-bundle",
            "version": "dev-master",
            "source-reference": "fd8d66c8b86567a4cf0a4a5378a248ef5fcc9b21"
        },
        {
            "package": "cedriclombardot/admingenerator-user-bundle",
            "version": "dev-master",
            "source-reference": "97862e4d7f69011781fbcea374e9d82fe3ad6729"
        },
        {
            "package": "cedriclombardot/twig-generator",
            "version": "dev-master",
            "source-reference": "5d0a63b8a55f02845b0eb20cfb338b161b25a582"
        },
        {
            "package": "doctrine/common",
            "version": "dev-master",
            "alias-pretty-version": "2.3.x-dev",
            "alias-version": "2.3.9999999.9999999-dev"
        },
        {
            "package": "doctrine/common",
            "version": "dev-master",
            "source-reference": "80838882abc04270fb9bc5812da4ab64e2ee3f88"
        },
        {
            "package": "friendsofsymfony/user-bundle",
            "version": "dev-master",
            "source-reference": "59448c170c825a9d5d7c56990bd16768a993e3d0"
        },
        {
            "package": "jms/aop-bundle",
            "version": "1.0.0"
        },
        {
            "package": "jms/cg",
            "version": "1.0.0"
        },
        {
            "package": "jms/di-extra-bundle",
            "version": "1.0.1"
        },
        {
            "package": "jms/metadata",
            "version": "1.1.1"
        },
        {
            "package": "jms/security-extra-bundle",
            "version": "1.1.0"
        },
        {
            "package": "knplabs/knp-components",
            "version": "dev-master",
            "source-reference": "99ea408dc2a7c3616e688ffe67e3248ece69ff0e"
        },
        {
            "package": "knplabs/knp-menu",
            "version": "1.1.x-dev",
            "source-reference": "v1.1.2"
        },
        {
            "package": "knplabs/knp-menu-bundle",
            "version": "dev-master",
            "source-reference": "v1.1.0"
        },
        {
            "package": "knplabs/knp-paginator-bundle",
            "version": "dev-master",
            "source-reference": "427db8350ae57659645ba35480bbe1194c1c695f"
        },
        {
            "package": "kriswallsmith/assetic",
            "version": "dev-master",
            "alias-pretty-version": "1.1.x-dev",
            "alias-version": "1.1.9999999.9999999-dev"
        },
        {
            "package": "kriswallsmith/assetic",
            "version": "dev-master",
            "source-reference": "d6f89a3170c5280ad554347dc113eb25fdf00ad7"
        },
        {
            "package": "monolog/monolog",
            "version": "1.1.0"
        },
        {
            "package": "pagerfanta/pagerfanta",
            "version": "dev-master",
            "source-reference": "c490684def33e992241e7fad33bcbd03d9d18643"
        },
        {
            "package": "phing/phing",
            "version": "2.4.12"
        },
        {
            "package": "propel/propel-bundle",
            "version": "1.1.x-dev",
            "source-reference": "5a764c6181c36fd8fb8f22280cfd21b3936c2a7e"
        },
        {
            "package": "propel/propel1",
            "version": "1.6.5"
        },
        {
            "package": "sensio/distribution-bundle",
            "version": "dev-master",
            "source-reference": "7d75b222c8e4ead64ff82e5c9b2fa3ba71c70cf0"
        },
        {
            "package": "sensio/framework-extra-bundle",
            "version": "dev-master",
            "source-reference": "d6087182597e9831ecee510c2a64880fad883c22"
        },
        {
            "package": "sensio/generator-bundle",
            "version": "dev-master",
            "source-reference": "5ea684fcf0e98acc33c29d65ee9e80ac15c69a0a"
        },
        {
            "package": "swiftmailer/swiftmailer",
            "version": "dev-master",
            "alias-pretty-version": "4.1.x-dev",
            "alias-version": "4.1.9999999.9999999-dev"
        },
        {
            "package": "swiftmailer/swiftmailer",
            "version": "dev-master",
            "source-reference": "0509c682d482940949ea7f7128c582d9d8b628e2"
        },
        {
            "package": "symfony/assetic-bundle",
            "version": "dev-master",
            "source-reference": "ca447e29f8ee2d38643f2f3a9faae1164aa708fb"
        },
        {
            "package": "symfony/monolog-bundle",
            "version": "dev-master",
            "source-reference": "0b5046d3d1ef93cd59ceabfa37de2665f5118c7f"
        },
        {
            "package": "symfony/swiftmailer-bridge",
            "version": "dev-master",
            "source-reference": "408eb09f5799d393ddc3d916ec3667857fb3a20d"
        },
        {
            "package": "symfony/swiftmailer-bundle",
            "version": "dev-master",
            "source-reference": "71e1789868665cf94dc7831f645625fd0f70aac6"
        },
        {
            "package": "symfony/symfony",
            "version": "dev-master",
            "alias-pretty-version": "2.1.x-dev",
            "alias-version": "2.1.9999999.9999999-dev"
        },
        {
            "package": "symfony/symfony",
            "version": "dev-master",
            "source-reference": "faccd25c0fcf65b2362baefac6d7370a3c4e78ed"
        },
        {
            "package": "twig/extensions",
            "version": "dev-master",
            "source-reference": "feb6d3f10c411e2631997c0a905aa581c80305c1"
        },
        {
            "package": "twig/twig",
            "version": "dev-master",
            "alias-pretty-version": "1.8.x-dev",
            "alias-version": "1.8.9999999.9999999-dev"
        },
        {
            "package": "twig/twig",
            "version": "dev-master",
            "source-reference": "4679ad51c5390648b7ea4c8f0ecd2c0c344145ba"
        },
        {
            "package": "white-october/pagerfanta-bundle",
            "version": "dev-master",
            "source-reference": "6d7c84759ca85a4c3a993a844922dc4629d42adf"
        },
        {
            "package": "willdurand/propel-typehintable-behavior",
            "version": "dev-master",
            "source-reference": "1.0.0"
        }
    ],
    "packages-dev": null,
    "aliases": [

    ],
    "minimum-stability": "dev",
    "stability-flags": {
        "twig/extensions": 20,
        "symfony/assetic-bundle": 20,
        "symfony/swiftmailer-bundle": 20,
        "symfony/monolog-bundle": 20,
        "sensio/distribution-bundle": 20,
        "sensio/framework-extra-bundle": 20,
        "sensio/generator-bundle": 20,
        "friendsofsymfony/user-bundle": 20,
        "cedriclombardot/admingenerator-generator-bundle": 20,
        "cedriclombardot/admingenerator-user-bundle": 20,
        "knplabs/knp-paginator-bundle": 20,
        "knplabs/knp-menu-bundle": 20,
        "willdurand/propel-typehintable-behavior": 20
    }
}
