{
    "hash": "84d31f39110e7631dfde7bc99deae458",
    "packages": [
        {
            "package": "Zenstruck/Bundle/VersionBundle",
            "version": "master",
            "source-reference": "master",
            "commit-date": "1340982805"
        },
        {
            "package": "doctrine/common",
            "version": "dev-master",
            "alias-pretty-version": "2.3.x-dev",
            "alias-version": "2.3.9999999.9999999-dev"
        },
        {
            "package": "doctrine/common",
            "version": "dev-master",
            "source-reference": "e9f9a27a5bf3b8d95077de475a4dff495deaf39c",
            "commit-date": "1340963135"
        },
        {
            "package": "friendsofsymfony/user-bundle",
            "version": "dev-master",
            "source-reference": "0363e2389055acf3619b28b5a6c401a4aa5b838b",
            "commit-date": "1340798867"
        },
        {
            "package": "jms/aop-bundle",
            "version": "1.0.0"
        },
        {
            "package": "jms/cg",
            "version": "1.0.0"
        },
        {
            "package": "jms/di-extra-bundle",
            "version": "1.0.1"
        },
        {
            "package": "jms/metadata",
            "version": "1.1.1"
        },
        {
            "package": "jms/security-extra-bundle",
            "version": "1.1.0"
        },
        {
            "package": "knplabs/knp-components",
            "version": "dev-master",
            "source-reference": "99ea408dc2a7c3616e688ffe67e3248ece69ff0e",
            "commit-date": "1339767068"
        },
        {
            "package": "knplabs/knp-menu",
            "version": "dev-master",
            "alias-pretty-version": "2.0.x-dev",
            "alias-version": "2.0.9999999.9999999-dev"
        },
        {
            "package": "knplabs/knp-menu",
            "version": "dev-master",
            "source-reference": "418788056ba5b95f4a2717ba5b4d4ab078aca4ab",
            "commit-date": "1340209324"
        },
        {
            "package": "knplabs/knp-menu-bundle",
            "version": "dev-master",
            "source-reference": "d29a1f3037ba3ddeb322e6cb146db5f18d64cae9",
            "commit-date": "1340146792"
        },
        {
            "package": "knplabs/knp-paginator-bundle",
            "version": "dev-master",
            "source-reference": "427db8350ae57659645ba35480bbe1194c1c695f",
            "commit-date": "1339165136"
        },
        {
            "package": "kriswallsmith/assetic",
            "version": "dev-master",
            "alias-pretty-version": "1.1.x-dev",
            "alias-version": "1.1.9999999.9999999-dev"
        },
        {
            "package": "kriswallsmith/assetic",
            "version": "dev-master",
            "source-reference": "d6f89a3170c5280ad554347dc113eb25fdf00ad7",
            "commit-date": "1339515714"
        },
        {
            "package": "monolog/monolog",
            "version": "1.1.0"
        },
        {
            "package": "phing/phing",
            "version": "2.4.12"
        },
        {
            "package": "propel/propel-bundle",
            "version": "1.1.x-dev",
            "source-reference": "1.1.1",
            "commit-date": "1340492947"
        },
        {
            "package": "propel/propel1",
            "version": "1.6.5"
        },
        {
            "package": "sensio/distribution-bundle",
            "version": "dev-master",
            "source-reference": "f3515e702f9cae8e727d982557dca8de82dd12c5",
            "commit-date": "1340790396"
        },
        {
            "package": "sensio/framework-extra-bundle",
            "version": "dev-master",
            "source-reference": "b9f630e35059f661a59ec4e0f5505b067fed4e55",
            "commit-date": "1340889912"
        },
        {
            "package": "sensio/generator-bundle",
            "version": "dev-master",
            "source-reference": "43ed45c48db18e4a0e48aec0c098f42e56e22d36",
            "commit-date": "1340138445"
        },
        {
            "package": "swiftmailer/swiftmailer",
            "version": "v4.1.8"
        },
        {
            "package": "symfony/assetic-bundle",
            "version": "dev-master",
            "source-reference": "8fe7b898b08103c1d6fce64c3e279a7afd61adfc",
            "commit-date": "1340234971"
        },
        {
            "package": "symfony/monolog-bundle",
            "version": "dev-master",
            "source-reference": "660a1aeaf93e8ffdc34c27b3a82dc47195ad1d8d",
            "commit-date": "1340609637"
        },
        {
            "package": "symfony/swiftmailer-bundle",
            "version": "dev-master",
            "source-reference": "v2.1.0-BETA1",
            "commit-date": "1340144744"
        },
        {
            "package": "symfony/symfony",
            "version": "dev-master",
            "alias-pretty-version": "2.1.x-dev",
            "alias-version": "2.1.9999999.9999999-dev"
        },
        {
            "package": "symfony/symfony",
            "version": "dev-master",
            "source-reference": "8ebe624b82dc9f91231ec2a4361468579495cdd8",
            "commit-date": "1340951895"
        },
        {
            "package": "twig/extensions",
            "version": "dev-master",
            "source-reference": "feb6d3f10c411e2631997c0a905aa581c80305c1",
            "commit-date": "1337599699"
        },
        {
            "package": "twig/twig",
            "version": "dev-master",
            "alias-pretty-version": "1.8.x-dev",
            "alias-version": "1.8.9999999.9999999-dev"
        },
        {
            "package": "twig/twig",
            "version": "dev-master",
            "source-reference": "73da773aaad0f97f2e967ec8241b8adf7b1e03d2",
            "commit-date": "1340890758"
        },
        {
            "package": "willdurand/propel-typehintable-behavior",
            "version": "dev-master",
            "source-reference": "1.0.0",
            "commit-date": "1335134192"
        }
    ],
    "packages-dev": null,
    "aliases": [

    ],
    "minimum-stability": "dev",
    "stability-flags": {
        "twig/extensions": 20,
        "symfony/assetic-bundle": 20,
        "symfony/swiftmailer-bundle": 20,
        "symfony/monolog-bundle": 20,
        "sensio/distribution-bundle": 20,
        "sensio/framework-extra-bundle": 20,
        "sensio/generator-bundle": 20,
        "friendsofsymfony/user-bundle": 20,
        "knplabs/knp-paginator-bundle": 20,
        "knplabs/knp-menu-bundle": 20,
        "willdurand/propel-typehintable-behavior": 20,
        "zenstruck/bundle/versionbundle": 20
    }
}
